lockfileVersion: '9.0'

settings:
  autoInstallPeers: true
  excludeLinksFromLockfile: false

importers:

  .:
    dependencies:
      express-validator:
        specifier: ^7.3.2
        version: 7.3.2

packages:

  express-validator@7.3.2:
    resolution: {integrity: sha512-ctLw1Vl6dXVH62dIQMDdTAQkrh480mkFuG6/SGXOaVlwPNukhRAe7EgJIMJ2TSAni8iwHBRp530zAZE5ZPF2IA==}
    engines: {node: '>= 8.0.0'}

  lodash@4.18.1:
    resolution: {integrity: sha512-dMInicTPVE8d1e5otfwmmjlxkZoUpiVLwyeTdUsi/Caj/gfzzblBcCE5sRHV/AsjuCmxWrte2TNGSYuCeCq+0Q==}

  validator@13.15.35:
    resolution: {integrity: sha512-TQ5pAGhd5whStmqWvYF4OjQROlmv9SMFVt37qoCBdqRffuuklWYQlCNnEs2ZaIBD1kZRNnikiZOS1eqgkar0iw==}
    engines: {node: '>= 0.10'}

snapshots:

  express-validator@7.3.2:
    dependencies:
      lodash: 4.18.1
      validator: 13.15.35

  lodash@4.18.1: {}

  validator@13.15.35: {}
