lockfileVersion: '9.0'

settings:
  autoInstallPeers: true
  excludeLinksFromLockfile: false

importers:

  .:
    dependencies:
      '@react-oauth/google':
        specifier: ^0.13.5
        version: 0.13.5(react-dom@19.2.5(react@19.2.5))(react@19.2.5)
      express-validator:
        specifier: ^7.3.2
        version: 7.3.2

packages:

  '@react-oauth/google@0.13.5':
    resolution: {integrity: sha512-xQWri2s/3nNekZJ4uuov2aAfQYu83bN3864KcFqw2pK1nNbFurQIjPFDXhWaKH3IjYJ2r/9yyIIpsn5lMqrheQ==}
    peerDependencies:
      react: '>=16.8.0'
      react-dom: '>=16.8.0'

  express-validator@7.3.2:
    resolution: {integrity: sha512-ctLw1Vl6dXVH62dIQMDdTAQkrh480mkFuG6/SGXOaVlwPNukhRAe7EgJIMJ2TSAni8iwHBRp530zAZE5ZPF2IA==}
    engines: {node: '>= 8.0.0'}

  lodash@4.18.1:
    resolution: {integrity: sha512-dMInicTPVE8d1e5otfwmmjlxkZoUpiVLwyeTdUsi/Caj/gfzzblBcCE5sRHV/AsjuCmxWrte2TNGSYuCeCq+0Q==}

  react-dom@19.2.5:
    resolution: {integrity: sha512-J5bAZz+DXMMwW/wV3xzKke59Af6CHY7G4uYLN1OvBcKEsWOs4pQExj86BBKamxl/Ik5bx9whOrvBlSDfWzgSag==}
    peerDependencies:
      react: ^19.2.5

  react@19.2.5:
    resolution: {integrity: sha512-llUJLzz1zTUBrskt2pwZgLq59AemifIftw4aB7JxOqf1HY2FDaGDxgwpAPVzHU1kdWabH7FauP4i1oEeer2WCA==}
    engines: {node: '>=0.10.0'}

  scheduler@0.27.0:
    resolution: {integrity: sha512-eNv+WrVbKu1f3vbYJT/xtiF5syA5HPIMtf9IgY/nKg0sWqzAUEvqY/xm7OcZc/qafLx/iO9FgOmeSAp4v5ti/Q==}

  validator@13.15.35:
    resolution: {integrity: sha512-TQ5pAGhd5whStmqWvYF4OjQROlmv9SMFVt37qoCBdqRffuuklWYQlCNnEs2ZaIBD1kZRNnikiZOS1eqgkar0iw==}
    engines: {node: '>= 0.10'}

snapshots:

  '@react-oauth/google@0.13.5(react-dom@19.2.5(react@19.2.5))(react@19.2.5)':
    dependencies:
      react: 19.2.5
      react-dom: 19.2.5(react@19.2.5)

  express-validator@7.3.2:
    dependencies:
      lodash: 4.18.1
      validator: 13.15.35

  lodash@4.18.1: {}

  react-dom@19.2.5(react@19.2.5):
    dependencies:
      react: 19.2.5
      scheduler: 0.27.0

  react@19.2.5: {}

  scheduler@0.27.0: {}

  validator@13.15.35: {}
